Microsoft Visual Studio Solution File, Format Version 12.00
# Visual Studio 2012
Project("{FAE04EC0-301F-11D3-BF4B-00C04F79EFBC}") = "The Shattered Station", "The Shattered Station.csproj", "{8D8329E5-1935-4578-8891-7650C8112B68}"
EndProject
Global
	GlobalSection(SolutionConfigurationPlatforms) = preSolution
	Debug|Any CPU = Debug|Any CPU
	ExportDebug|Any CPU = ExportDebug|Any CPU
	ExportRelease|Any CPU = ExportRelease|Any CPU
	EndGlobalSection
	GlobalSection(ProjectConfigurationPlatforms) = postSolution
		{8D8329E5-1935-4578-8891-7650C8112B68}.Debug|Any CPU.ActiveCfg = Debug|Any CPU
		{8D8329E5-1935-4578-8891-7650C8112B68}.Debug|Any CPU.Build.0 = Debug|Any CPU
		{8D8329E5-1935-4578-8891-7650C8112B68}.ExportDebug|Any CPU.ActiveCfg = ExportDebug|Any CPU
		{8D8329E5-1935-4578-8891-7650C8112B68}.ExportDebug|Any CPU.Build.0 = ExportDebug|Any CPU
		{8D8329E5-1935-4578-8891-7650C8112B68}.ExportRelease|Any CPU.ActiveCfg = ExportRelease|Any CPU
		{8D8329E5-1935-4578-8891-7650C8112B68}.ExportRelease|Any CPU.Build.0 = ExportRelease|Any CPU
	EndGlobalSection
EndGlobal
